
Microsoft Visual Studio Solution File, Format Version 12.00
Project("{FAE04EC0-301F-11D3-BF4B-00C04F79EFBC}") = "DependencyRegistry", "DependencyRegistry\DependencyRegistry.csproj", "{28FE5882-126A-47AC-9295-82A991E6CEE7}"
EndProject
Project("{FAE04EC0-301F-11D3-BF4B-00C04F79EFBC}") = "DependencyRegistry.Tests", "DependencyRegistry.Tests\DependencyRegistry.Tests.csproj", "{1957B61E-CE52-4494-A07F-5F544BACBE91}"
EndProject
Global
	GlobalSection(SolutionConfigurationPlatforms) = preSolution
		Debug|Any CPU = Debug|Any CPU
		Release|Any CPU = Release|Any CPU
	EndGlobalSection
	GlobalSection(ProjectConfigurationPlatforms) = postSolution
		{28FE5882-126A-47AC-9295-82A991E6CEE7}.Debug|Any CPU.ActiveCfg = Debug|Any CPU
		{28FE5882-126A-47AC-9295-82A991E6CEE7}.Debug|Any CPU.Build.0 = Debug|Any CPU
		{28FE5882-126A-47AC-9295-82A991E6CEE7}.Release|Any CPU.ActiveCfg = Release|Any CPU
		{28FE5882-126A-47AC-9295-82A991E6CEE7}.Release|Any CPU.Build.0 = Release|Any CPU
		{1957B61E-CE52-4494-A07F-5F544BACBE91}.Debug|Any CPU.ActiveCfg = Debug|Any CPU
		{1957B61E-CE52-4494-A07F-5F544BACBE91}.Debug|Any CPU.Build.0 = Debug|Any CPU
		{1957B61E-CE52-4494-A07F-5F544BACBE91}.Release|Any CPU.ActiveCfg = Release|Any CPU
		{1957B61E-CE52-4494-A07F-5F544BACBE91}.Release|Any CPU.Build.0 = Release|Any CPU
	EndGlobalSection
EndGlobal
